
Microsoft Visual Studio Solution File, Format Version 12.00
# Visual Studio Version 17
VisualStudioVersion = 17.13.35919.96 d17.13
MinimumVisualStudioVersion = 10.0.40219.1
Project("{FAE04EC0-301F-11D3-BF4B-00C04F79EFBC}") = "SharpKVM", "SharpKVM.csproj", "{F497382E-5DDA-4B60-A967-9A5C10BA8405}"
EndProject
Global
	GlobalSection(SolutionConfigurationPlatforms) = preSolution
		Debug|Any CPU = Debug|Any CPU
		Release|Any CPU = Release|Any CPU
	EndGlobalSection
	GlobalSection(ProjectConfigurationPlatforms) = postSolution
		{F497382E-5DDA-4B60-A967-9A5C10BA8405}.Debug|Any CPU.ActiveCfg = Debug|Any CPU
		{F497382E-5DDA-4B60-A967-9A5C10BA8405}.Debug|Any CPU.Build.0 = Debug|Any CPU
		{F497382E-5DDA-4B60-A967-9A5C10BA8405}.Release|Any CPU.ActiveCfg = Release|Any CPU
		{F497382E-5DDA-4B60-A967-9A5C10BA8405}.Release|Any CPU.Build.0 = Release|Any CPU
	EndGlobalSection
	GlobalSection(SolutionProperties) = preSolution
		HideSolutionNode = FALSE
	EndGlobalSection
	GlobalSection(ExtensibilityGlobals) = postSolution
		SolutionGuid = {647AADAA-C676-40FF-B418-2C0C14FD7B49}
	EndGlobalSection
EndGlobal
